
Microsoft Visual Studio Solution File, Format Version 12.00
# Visual Studio 14
VisualStudioVersion = 14.0.24720.0
MinimumVisualStudioVersion = 10.0.40219.1
Project("{FAE04EC0-301F-11D3-BF4B-00C04F79EFBC}") = "ShoppingMvc", "ShoppingMvc\ShoppingMvc.csproj", "{178F7E75-68E1-4DBB-A050-07563FEE4A31}"
EndProject
Project("{FAE04EC0-301F-11D3-BF4B-00C04F79EFBC}") = "BussinessLayer", "BussinessLayer\BussinessLayer.csproj", "{33683294-4B04-4224-8BA0-015FDF0B9DD8}"
EndProject
Project("{FAE04EC0-301F-11D3-BF4B-00C04F79EFBC}") = "DataAccessLayer", "DataAccessLayer\DataAccessLayer.csproj", "{0A067B5A-980E-4CC5-85FD-7D4DBC65E3D1}"
EndProject
Project("{FAE04EC0-301F-11D3-BF4B-00C04F79EFBC}") = "ShoppingMvc.Models", "ShoppingModels\ShoppingMvc.Models.csproj", "{CC85ED69-B215-4116-9E07-D38A52D212AF}"
EndProject
Global
	GlobalSection(SolutionConfigurationPlatforms) = preSolution
		Debug|Any CPU = Debug|Any CPU
		Release|Any CPU = Release|Any CPU
	EndGlobalSection
	GlobalSection(ProjectConfigurationPlatforms) = postSolution
		{178F7E75-68E1-4DBB-A050-07563FEE4A31}.Debug|Any CPU.ActiveCfg = Debug|Any CPU
		{178F7E75-68E1-4DBB-A050-07563FEE4A31}.Debug|Any CPU.Build.0 = Debug|Any CPU
		{178F7E75-68E1-4DBB-A050-07563FEE4A31}.Release|Any CPU.ActiveCfg = Release|Any CPU
		{178F7E75-68E1-4DBB-A050-07563FEE4A31}.Release|Any CPU.Build.0 = Release|Any CPU
		{33683294-4B04-4224-8BA0-015FDF0B9DD8}.Debug|Any CPU.ActiveCfg = Debug|Any CPU
		{33683294-4B04-4224-8BA0-015FDF0B9DD8}.Debug|Any CPU.Build.0 = Debug|Any CPU
		{33683294-4B04-4224-8BA0-015FDF0B9DD8}.Release|Any CPU.ActiveCfg = Release|Any CPU
		{33683294-4B04-4224-8BA0-015FDF0B9DD8}.Release|Any CPU.Build.0 = Release|Any CPU
		{0A067B5A-980E-4CC5-85FD-7D4DBC65E3D1}.Debug|Any CPU.ActiveCfg = Debug|Any CPU
		{0A067B5A-980E-4CC5-85FD-7D4DBC65E3D1}.Debug|Any CPU.Build.0 = Debug|Any CPU
		{0A067B5A-980E-4CC5-85FD-7D4DBC65E3D1}.Release|Any CPU.ActiveCfg = Release|Any CPU
		{0A067B5A-980E-4CC5-85FD-7D4DBC65E3D1}.Release|Any CPU.Build.0 = Release|Any CPU
		{CC85ED69-B215-4116-9E07-D38A52D212AF}.Debug|Any CPU.ActiveCfg = Debug|Any CPU
		{CC85ED69-B215-4116-9E07-D38A52D212AF}.Debug|Any CPU.Build.0 = Debug|Any CPU
		{CC85ED69-B215-4116-9E07-D38A52D212AF}.Release|Any CPU.ActiveCfg = Release|Any CPU
		{CC85ED69-B215-4116-9E07-D38A52D212AF}.Release|Any CPU.Build.0 = Release|Any CPU
	EndGlobalSection
	GlobalSection(SolutionProperties) = preSolution
		HideSolutionNode = FALSE
	EndGlobalSection
EndGlobal
